
Microsoft Visual Studio Solution File, Format Version 12.00
# Visual Studio Version 17
VisualStudioVersion = 17.0.31903.59
MinimumVisualStudioVersion = 10.0.40219.1
Project("{FAE04EC0-301F-11D3-BF4B-00C04F79EFBC}") = "quicksort", "quicksort\quicksort.csproj", "{689A833E-ABA1-4413-9222-BB93FCCD7904}"
EndProject
Project("{FAE04EC0-301F-11D3-BF4B-00C04F79EFBC}") = "quicksort.test", "quicksort.test\quicksort.test.csproj", "{53B052DB-9C56-450D-B77F-C3A8D9B2C657}"
EndProject
Global
	GlobalSection(SolutionConfigurationPlatforms) = preSolution
		Debug|Any CPU = Debug|Any CPU
		Release|Any CPU = Release|Any CPU
	EndGlobalSection
	GlobalSection(SolutionProperties) = preSolution
		HideSolutionNode = FALSE
	EndGlobalSection
	GlobalSection(ProjectConfigurationPlatforms) = postSolution
		{689A833E-ABA1-4413-9222-BB93FCCD7904}.Debug|Any CPU.ActiveCfg = Debug|Any CPU
		{689A833E-ABA1-4413-9222-BB93FCCD7904}.Debug|Any CPU.Build.0 = Debug|Any CPU
		{689A833E-ABA1-4413-9222-BB93FCCD7904}.Release|Any CPU.ActiveCfg = Release|Any CPU
		{689A833E-ABA1-4413-9222-BB93FCCD7904}.Release|Any CPU.Build.0 = Release|Any CPU
		{53B052DB-9C56-450D-B77F-C3A8D9B2C657}.Debug|Any CPU.ActiveCfg = Debug|Any CPU
		{53B052DB-9C56-450D-B77F-C3A8D9B2C657}.Debug|Any CPU.Build.0 = Debug|Any CPU
		{53B052DB-9C56-450D-B77F-C3A8D9B2C657}.Release|Any CPU.ActiveCfg = Release|Any CPU
		{53B052DB-9C56-450D-B77F-C3A8D9B2C657}.Release|Any CPU.Build.0 = Release|Any CPU
	EndGlobalSection
EndGlobal
