
Microsoft Visual Studio Solution File, Format Version 12.00
# Visual Studio Version 17
VisualStudioVersion = 17.0.31903.59
MinimumVisualStudioVersion = 10.0.40219.1
Project("{FAE04EC0-301F-11D3-BF4B-00C04F79EFBC}") = "binarytree", "binarytree\binarytree.csproj", "{7FD18838-26F1-4B85-A7CF-3ACC3B18C1C8}"
EndProject
Project("{FAE04EC0-301F-11D3-BF4B-00C04F79EFBC}") = "binarytree.test", "binarytree.test\binarytree.test.csproj", "{854791F9-59E3-4AC6-B0A4-CEC90F1C11F5}"
EndProject
Global
	GlobalSection(SolutionConfigurationPlatforms) = preSolution
		Debug|Any CPU = Debug|Any CPU
		Release|Any CPU = Release|Any CPU
	EndGlobalSection
	GlobalSection(SolutionProperties) = preSolution
		HideSolutionNode = FALSE
	EndGlobalSection
	GlobalSection(ProjectConfigurationPlatforms) = postSolution
		{7FD18838-26F1-4B85-A7CF-3ACC3B18C1C8}.Debug|Any CPU.ActiveCfg = Debug|Any CPU
		{7FD18838-26F1-4B85-A7CF-3ACC3B18C1C8}.Debug|Any CPU.Build.0 = Debug|Any CPU
		{7FD18838-26F1-4B85-A7CF-3ACC3B18C1C8}.Release|Any CPU.ActiveCfg = Release|Any CPU
		{7FD18838-26F1-4B85-A7CF-3ACC3B18C1C8}.Release|Any CPU.Build.0 = Release|Any CPU
		{854791F9-59E3-4AC6-B0A4-CEC90F1C11F5}.Debug|Any CPU.ActiveCfg = Debug|Any CPU
		{854791F9-59E3-4AC6-B0A4-CEC90F1C11F5}.Debug|Any CPU.Build.0 = Debug|Any CPU
		{854791F9-59E3-4AC6-B0A4-CEC90F1C11F5}.Release|Any CPU.ActiveCfg = Release|Any CPU
		{854791F9-59E3-4AC6-B0A4-CEC90F1C11F5}.Release|Any CPU.Build.0 = Release|Any CPU
	EndGlobalSection
EndGlobal
